
Microsoft Visual Studio Solution File, Format Version 12.00
# Visual Studio 15
VisualStudioVersion = 15.0.28307.645
MinimumVisualStudioVersion = 10.0.40219.1
Project("{FAE04EC0-301F-11D3-BF4B-00C04F79EFBC}") = "PinWin", "PinWin\PinWin.csproj", "{7E06BA38-B308-43E9-B1A6-7851E7A8CBF2}"
EndProject
Project("{2150E333-8FDC-42A3-9474-1A3956D46DE8}") = "Solution Items", "Solution Items", "{060ED345-F2C1-408B-B1A7-37CFCC2A168B}"
	ProjectSection(SolutionItems) = preProject
		Changelog.md = Changelog.md
		LICENSE.txt = LICENSE.txt
		README.md = README.md
	EndProjectSection
EndProject
Project("{930C7802-8A8C-48F9-8165-68863BCCD9DD}") = "Setup", "Setup\Setup.wixproj", "{DD87CEB2-5635-488B-BD9C-52CBD93A608C}"
EndProject
Global
	GlobalSection(SolutionConfigurationPlatforms) = preSolution
		Debug|Any CPU = Debug|Any CPU
		Publish-Install|Any CPU = Publish-Install|Any CPU
		Publish-Portable|Any CPU = Publish-Portable|Any CPU
		Release|Any CPU = Release|Any CPU
	EndGlobalSection
	GlobalSection(ProjectConfigurationPlatforms) = postSolution
		{7E06BA38-B308-43E9-B1A6-7851E7A8CBF2}.Debug|Any CPU.ActiveCfg = Debug|Any CPU
		{7E06BA38-B308-43E9-B1A6-7851E7A8CBF2}.Debug|Any CPU.Build.0 = Debug|Any CPU
		{7E06BA38-B308-43E9-B1A6-7851E7A8CBF2}.Publish-Install|Any CPU.ActiveCfg = Release|Any CPU
		{7E06BA38-B308-43E9-B1A6-7851E7A8CBF2}.Publish-Install|Any CPU.Build.0 = Release|Any CPU
		{7E06BA38-B308-43E9-B1A6-7851E7A8CBF2}.Publish-Portable|Any CPU.ActiveCfg = Portable|Any CPU
		{7E06BA38-B308-43E9-B1A6-7851E7A8CBF2}.Publish-Portable|Any CPU.Build.0 = Portable|Any CPU
		{7E06BA38-B308-43E9-B1A6-7851E7A8CBF2}.Release|Any CPU.ActiveCfg = Release|Any CPU
		{7E06BA38-B308-43E9-B1A6-7851E7A8CBF2}.Release|Any CPU.Build.0 = Release|Any CPU
		{DD87CEB2-5635-488B-BD9C-52CBD93A608C}.Debug|Any CPU.ActiveCfg = Debug|x86
		{DD87CEB2-5635-488B-BD9C-52CBD93A608C}.Publish-Install|Any CPU.ActiveCfg = Release|x86
		{DD87CEB2-5635-488B-BD9C-52CBD93A608C}.Publish-Install|Any CPU.Build.0 = Release|x86
		{DD87CEB2-5635-488B-BD9C-52CBD93A608C}.Publish-Portable|Any CPU.ActiveCfg = Release|x86
		{DD87CEB2-5635-488B-BD9C-52CBD93A608C}.Release|Any CPU.ActiveCfg = Release|x86
	EndGlobalSection
	GlobalSection(SolutionProperties) = preSolution
		HideSolutionNode = FALSE
	EndGlobalSection
	GlobalSection(ExtensibilityGlobals) = postSolution
		SolutionGuid = {23B94BA9-5C80-4343-ADD9-343CB9F9804D}
	EndGlobalSection
EndGlobal
